
Microsoft Visual Studio Solution File, Format Version 12.00
# Visual Studio Version 16
VisualStudioVersion = 16.0.29920.165
MinimumVisualStudioVersion = 10.0.40219.1
Project("{FAE04EC0-301F-11D3-BF4B-00C04F79EFBC}") = "App_M11_L2_1", "App_M11_L2_1\App_M11_L2_1.csproj", "{FFB9DC34-D3E3-4C34-8312-918A3968D914}"
EndProject
Global
	GlobalSection(SolutionConfigurationPlatforms) = preSolution
		Debug|Any CPU = Debug|Any CPU
		Release|Any CPU = Release|Any CPU
	EndGlobalSection
	GlobalSection(ProjectConfigurationPlatforms) = postSolution
		{FFB9DC34-D3E3-4C34-8312-918A3968D914}.Debug|Any CPU.ActiveCfg = Debug|Any CPU
		{FFB9DC34-D3E3-4C34-8312-918A3968D914}.Debug|Any CPU.Build.0 = Debug|Any CPU
		{FFB9DC34-D3E3-4C34-8312-918A3968D914}.Release|Any CPU.ActiveCfg = Release|Any CPU
		{FFB9DC34-D3E3-4C34-8312-918A3968D914}.Release|Any CPU.Build.0 = Release|Any CPU
	EndGlobalSection
	GlobalSection(SolutionProperties) = preSolution
		HideSolutionNode = FALSE
	EndGlobalSection
	GlobalSection(ExtensibilityGlobals) = postSolution
		SolutionGuid = {0F08B138-B78C-4AB8-BA63-F96E8D3F5416}
	EndGlobalSection
EndGlobal
