
Microsoft Visual Studio Solution File, Format Version 12.00
# Visual Studio Version 16
VisualStudioVersion = 16.0.29920.165
MinimumVisualStudioVersion = 10.0.40219.1
Project("{FAE04EC0-301F-11D3-BF4B-00C04F79EFBC}") = "App_M14_L3_2", "App_M14_L3_2\App_M14_L3_2.csproj", "{2C8DBA0F-F341-4438-8902-4891B627D9D9}"
EndProject
Global
	GlobalSection(SolutionConfigurationPlatforms) = preSolution
		Debug|Any CPU = Debug|Any CPU
		Release|Any CPU = Release|Any CPU
	EndGlobalSection
	GlobalSection(ProjectConfigurationPlatforms) = postSolution
		{2C8DBA0F-F341-4438-8902-4891B627D9D9}.Debug|Any CPU.ActiveCfg = Debug|Any CPU
		{2C8DBA0F-F341-4438-8902-4891B627D9D9}.Debug|Any CPU.Build.0 = Debug|Any CPU
		{2C8DBA0F-F341-4438-8902-4891B627D9D9}.Release|Any CPU.ActiveCfg = Release|Any CPU
		{2C8DBA0F-F341-4438-8902-4891B627D9D9}.Release|Any CPU.Build.0 = Release|Any CPU
	EndGlobalSection
	GlobalSection(SolutionProperties) = preSolution
		HideSolutionNode = FALSE
	EndGlobalSection
	GlobalSection(ExtensibilityGlobals) = postSolution
		SolutionGuid = {88F2940F-4744-4D9D-877F-45AE587279D3}
	EndGlobalSection
EndGlobal
