
Microsoft Visual Studio Solution File, Format Version 12.00
# Visual Studio Version 16
VisualStudioVersion = 16.0.29920.165
MinimumVisualStudioVersion = 10.0.40219.1
Project("{FAE04EC0-301F-11D3-BF4B-00C04F79EFBC}") = "App_M22_L2_3", "App_M22_L2_3\App_M22_L2_3.csproj", "{EBBB20AF-13BC-4421-BD96-AAEDE6038C9C}"
EndProject
Global
	GlobalSection(SolutionConfigurationPlatforms) = preSolution
		Debug|Any CPU = Debug|Any CPU
		Release|Any CPU = Release|Any CPU
	EndGlobalSection
	GlobalSection(ProjectConfigurationPlatforms) = postSolution
		{EBBB20AF-13BC-4421-BD96-AAEDE6038C9C}.Debug|Any CPU.ActiveCfg = Debug|Any CPU
		{EBBB20AF-13BC-4421-BD96-AAEDE6038C9C}.Debug|Any CPU.Build.0 = Debug|Any CPU
		{EBBB20AF-13BC-4421-BD96-AAEDE6038C9C}.Release|Any CPU.ActiveCfg = Release|Any CPU
		{EBBB20AF-13BC-4421-BD96-AAEDE6038C9C}.Release|Any CPU.Build.0 = Release|Any CPU
	EndGlobalSection
	GlobalSection(SolutionProperties) = preSolution
		HideSolutionNode = FALSE
	EndGlobalSection
	GlobalSection(ExtensibilityGlobals) = postSolution
		SolutionGuid = {F4A06364-2081-4E02-AC60-4DDA4AC78FC6}
	EndGlobalSection
EndGlobal
