
Microsoft Visual Studio Solution File, Format Version 12.00
# Visual Studio Version 16
VisualStudioVersion = 16.0.29920.165
MinimumVisualStudioVersion = 10.0.40219.1
Project("{FAE04EC0-301F-11D3-BF4B-00C04F79EFBC}") = "App_M22_L2_7", "App_M22_L2_7\App_M22_L2_7.csproj", "{D2EB984E-A16F-4151-AE58-5FEC9878CC61}"
EndProject
Global
	GlobalSection(SolutionConfigurationPlatforms) = preSolution
		Debug|Any CPU = Debug|Any CPU
		Release|Any CPU = Release|Any CPU
	EndGlobalSection
	GlobalSection(ProjectConfigurationPlatforms) = postSolution
		{D2EB984E-A16F-4151-AE58-5FEC9878CC61}.Debug|Any CPU.ActiveCfg = Debug|Any CPU
		{D2EB984E-A16F-4151-AE58-5FEC9878CC61}.Debug|Any CPU.Build.0 = Debug|Any CPU
		{D2EB984E-A16F-4151-AE58-5FEC9878CC61}.Release|Any CPU.ActiveCfg = Release|Any CPU
		{D2EB984E-A16F-4151-AE58-5FEC9878CC61}.Release|Any CPU.Build.0 = Release|Any CPU
	EndGlobalSection
	GlobalSection(SolutionProperties) = preSolution
		HideSolutionNode = FALSE
	EndGlobalSection
	GlobalSection(ExtensibilityGlobals) = postSolution
		SolutionGuid = {8AB2D249-C722-4032-A291-13B8D51D94E1}
	EndGlobalSection
EndGlobal
