
Microsoft Visual Studio Solution File, Format Version 12.00
# Visual Studio Version 16
VisualStudioVersion = 16.0.29920.165
MinimumVisualStudioVersion = 10.0.40219.1
Project("{FAE04EC0-301F-11D3-BF4B-00C04F79EFBC}") = "App_M7_L1_2", "App_M7_L1_2\App_M7_L1_2.csproj", "{2E7AED21-2A8A-48E7-B065-78318912D02E}"
EndProject
Global
	GlobalSection(SolutionConfigurationPlatforms) = preSolution
		Debug|Any CPU = Debug|Any CPU
		Release|Any CPU = Release|Any CPU
	EndGlobalSection
	GlobalSection(ProjectConfigurationPlatforms) = postSolution
		{2E7AED21-2A8A-48E7-B065-78318912D02E}.Debug|Any CPU.ActiveCfg = Debug|Any CPU
		{2E7AED21-2A8A-48E7-B065-78318912D02E}.Debug|Any CPU.Build.0 = Debug|Any CPU
		{2E7AED21-2A8A-48E7-B065-78318912D02E}.Release|Any CPU.ActiveCfg = Release|Any CPU
		{2E7AED21-2A8A-48E7-B065-78318912D02E}.Release|Any CPU.Build.0 = Release|Any CPU
	EndGlobalSection
	GlobalSection(SolutionProperties) = preSolution
		HideSolutionNode = FALSE
	EndGlobalSection
	GlobalSection(ExtensibilityGlobals) = postSolution
		SolutionGuid = {2A70A926-DF2C-4EFC-9FE5-BBB5868C7FE1}
	EndGlobalSection
EndGlobal
