
Microsoft Visual Studio Solution File, Format Version 12.00
# Visual Studio Version 16
VisualStudioVersion = 16.0.29920.165
MinimumVisualStudioVersion = 10.0.40219.1
Project("{FAE04EC0-301F-11D3-BF4B-00C04F79EFBC}") = "App_M9_L2_2", "App_M9_L2_2\App_M9_L2_2.csproj", "{D3C81DFB-3AC1-4FC3-9ECF-1C0195397036}"
EndProject
Global
	GlobalSection(SolutionConfigurationPlatforms) = preSolution
		Debug|Any CPU = Debug|Any CPU
		Release|Any CPU = Release|Any CPU
	EndGlobalSection
	GlobalSection(ProjectConfigurationPlatforms) = postSolution
		{D3C81DFB-3AC1-4FC3-9ECF-1C0195397036}.Debug|Any CPU.ActiveCfg = Debug|Any CPU
		{D3C81DFB-3AC1-4FC3-9ECF-1C0195397036}.Debug|Any CPU.Build.0 = Debug|Any CPU
		{D3C81DFB-3AC1-4FC3-9ECF-1C0195397036}.Release|Any CPU.ActiveCfg = Release|Any CPU
		{D3C81DFB-3AC1-4FC3-9ECF-1C0195397036}.Release|Any CPU.Build.0 = Release|Any CPU
	EndGlobalSection
	GlobalSection(SolutionProperties) = preSolution
		HideSolutionNode = FALSE
	EndGlobalSection
	GlobalSection(ExtensibilityGlobals) = postSolution
		SolutionGuid = {5EE2650C-6B54-48E7-B4FF-DBE62B2A2B87}
	EndGlobalSection
EndGlobal
