
Microsoft Visual Studio Solution File, Format Version 12.00
# Visual Studio Version 16
VisualStudioVersion = 16.0.29920.165
MinimumVisualStudioVersion = 10.0.40219.1
Project("{FAE04EC0-301F-11D3-BF4B-00C04F79EFBC}") = "App_M11_L5_2", "App_M11_L5_2\App_M11_L5_2.csproj", "{32FF286F-3260-48BA-99D5-B30C07D52F7A}"
EndProject
Global
	GlobalSection(SolutionConfigurationPlatforms) = preSolution
		Debug|Any CPU = Debug|Any CPU
		Release|Any CPU = Release|Any CPU
	EndGlobalSection
	GlobalSection(ProjectConfigurationPlatforms) = postSolution
		{32FF286F-3260-48BA-99D5-B30C07D52F7A}.Debug|Any CPU.ActiveCfg = Debug|Any CPU
		{32FF286F-3260-48BA-99D5-B30C07D52F7A}.Debug|Any CPU.Build.0 = Debug|Any CPU
		{32FF286F-3260-48BA-99D5-B30C07D52F7A}.Release|Any CPU.ActiveCfg = Release|Any CPU
		{32FF286F-3260-48BA-99D5-B30C07D52F7A}.Release|Any CPU.Build.0 = Release|Any CPU
	EndGlobalSection
	GlobalSection(SolutionProperties) = preSolution
		HideSolutionNode = FALSE
	EndGlobalSection
	GlobalSection(ExtensibilityGlobals) = postSolution
		SolutionGuid = {99AB9CBE-8780-467D-B3AB-1D3105261A33}
	EndGlobalSection
EndGlobal
