
Microsoft Visual Studio Solution File, Format Version 12.00
# Visual Studio Version 16
VisualStudioVersion = 16.0.29920.165
MinimumVisualStudioVersion = 10.0.40219.1
Project("{FAE04EC0-301F-11D3-BF4B-00C04F79EFBC}") = "App_M11_L3_3", "App_M11_L3_3\App_M11_L3_3.csproj", "{A99F27C1-86EB-4C3A-A1A4-089DC37DD58F}"
EndProject
Global
	GlobalSection(SolutionConfigurationPlatforms) = preSolution
		Debug|Any CPU = Debug|Any CPU
		Release|Any CPU = Release|Any CPU
	EndGlobalSection
	GlobalSection(ProjectConfigurationPlatforms) = postSolution
		{A99F27C1-86EB-4C3A-A1A4-089DC37DD58F}.Debug|Any CPU.ActiveCfg = Debug|Any CPU
		{A99F27C1-86EB-4C3A-A1A4-089DC37DD58F}.Debug|Any CPU.Build.0 = Debug|Any CPU
		{A99F27C1-86EB-4C3A-A1A4-089DC37DD58F}.Release|Any CPU.ActiveCfg = Release|Any CPU
		{A99F27C1-86EB-4C3A-A1A4-089DC37DD58F}.Release|Any CPU.Build.0 = Release|Any CPU
	EndGlobalSection
	GlobalSection(SolutionProperties) = preSolution
		HideSolutionNode = FALSE
	EndGlobalSection
	GlobalSection(ExtensibilityGlobals) = postSolution
		SolutionGuid = {9D203D31-1FDE-4E5A-B29D-89D8DA065B59}
	EndGlobalSection
EndGlobal
