
Microsoft Visual Studio Solution File, Format Version 12.00
# Visual Studio Version 16
VisualStudioVersion = 16.0.29920.165
MinimumVisualStudioVersion = 10.0.40219.1
Project("{FAE04EC0-301F-11D3-BF4B-00C04F79EFBC}") = "App_M6_L6_1", "App_M6_L6_1\App_M6_L6_1.csproj", "{AD9DAD8F-E919-4548-A81F-99DF50A9335E}"
EndProject
Global
	GlobalSection(SolutionConfigurationPlatforms) = preSolution
		Debug|Any CPU = Debug|Any CPU
		Release|Any CPU = Release|Any CPU
	EndGlobalSection
	GlobalSection(ProjectConfigurationPlatforms) = postSolution
		{AD9DAD8F-E919-4548-A81F-99DF50A9335E}.Debug|Any CPU.ActiveCfg = Debug|Any CPU
		{AD9DAD8F-E919-4548-A81F-99DF50A9335E}.Debug|Any CPU.Build.0 = Debug|Any CPU
		{AD9DAD8F-E919-4548-A81F-99DF50A9335E}.Release|Any CPU.ActiveCfg = Release|Any CPU
		{AD9DAD8F-E919-4548-A81F-99DF50A9335E}.Release|Any CPU.Build.0 = Release|Any CPU
	EndGlobalSection
	GlobalSection(SolutionProperties) = preSolution
		HideSolutionNode = FALSE
	EndGlobalSection
	GlobalSection(ExtensibilityGlobals) = postSolution
		SolutionGuid = {BDFD1B32-E3C0-4FA2-8993-996D90108CBD}
	EndGlobalSection
EndGlobal
