
Microsoft Visual Studio Solution File, Format Version 12.00
# Visual Studio Version 16
VisualStudioVersion = 16.0.29920.165
MinimumVisualStudioVersion = 10.0.40219.1
Project("{FAE04EC0-301F-11D3-BF4B-00C04F79EFBC}") = "App_M6_L4_1", "App_M6_L4_1\App_M6_L4_1.csproj", "{E5491793-0CED-42B8-B27C-1728B254BDCC}"
EndProject
Global
	GlobalSection(SolutionConfigurationPlatforms) = preSolution
		Debug|Any CPU = Debug|Any CPU
		Release|Any CPU = Release|Any CPU
	EndGlobalSection
	GlobalSection(ProjectConfigurationPlatforms) = postSolution
		{E5491793-0CED-42B8-B27C-1728B254BDCC}.Debug|Any CPU.ActiveCfg = Debug|Any CPU
		{E5491793-0CED-42B8-B27C-1728B254BDCC}.Debug|Any CPU.Build.0 = Debug|Any CPU
		{E5491793-0CED-42B8-B27C-1728B254BDCC}.Release|Any CPU.ActiveCfg = Release|Any CPU
		{E5491793-0CED-42B8-B27C-1728B254BDCC}.Release|Any CPU.Build.0 = Release|Any CPU
	EndGlobalSection
	GlobalSection(SolutionProperties) = preSolution
		HideSolutionNode = FALSE
	EndGlobalSection
	GlobalSection(ExtensibilityGlobals) = postSolution
		SolutionGuid = {583A19ED-98BD-40BA-9901-FD3DC608029A}
	EndGlobalSection
EndGlobal
