
Microsoft Visual Studio Solution File, Format Version 12.00
# Visual Studio Version 16
VisualStudioVersion = 16.0.29920.165
MinimumVisualStudioVersion = 10.0.40219.1
Project("{FAE04EC0-301F-11D3-BF4B-00C04F79EFBC}") = "App_M13_L2_1", "App_M13_L2_1\App_M13_L2_1.csproj", "{FDE851C9-5674-4DE3-80E5-E0B7C564D76A}"
EndProject
Global
	GlobalSection(SolutionConfigurationPlatforms) = preSolution
		Debug|Any CPU = Debug|Any CPU
		Release|Any CPU = Release|Any CPU
	EndGlobalSection
	GlobalSection(ProjectConfigurationPlatforms) = postSolution
		{FDE851C9-5674-4DE3-80E5-E0B7C564D76A}.Debug|Any CPU.ActiveCfg = Debug|Any CPU
		{FDE851C9-5674-4DE3-80E5-E0B7C564D76A}.Debug|Any CPU.Build.0 = Debug|Any CPU
		{FDE851C9-5674-4DE3-80E5-E0B7C564D76A}.Release|Any CPU.ActiveCfg = Release|Any CPU
		{FDE851C9-5674-4DE3-80E5-E0B7C564D76A}.Release|Any CPU.Build.0 = Release|Any CPU
	EndGlobalSection
	GlobalSection(SolutionProperties) = preSolution
		HideSolutionNode = FALSE
	EndGlobalSection
	GlobalSection(ExtensibilityGlobals) = postSolution
		SolutionGuid = {F4FDC9DF-6E14-4C1A-A10C-2905BA92252D}
	EndGlobalSection
EndGlobal
