
Microsoft Visual Studio Solution File, Format Version 12.00
# Visual Studio Version 16
VisualStudioVersion = 16.0.29920.165
MinimumVisualStudioVersion = 10.0.40219.1
Project("{FAE04EC0-301F-11D3-BF4B-00C04F79EFBC}") = "App_M22_L2_6", "App_M22_L2_6\App_M22_L2_6.csproj", "{F8AB679E-AFE6-4742-AF21-2E8ED9851348}"
EndProject
Global
	GlobalSection(SolutionConfigurationPlatforms) = preSolution
		Debug|Any CPU = Debug|Any CPU
		Release|Any CPU = Release|Any CPU
	EndGlobalSection
	GlobalSection(ProjectConfigurationPlatforms) = postSolution
		{F8AB679E-AFE6-4742-AF21-2E8ED9851348}.Debug|Any CPU.ActiveCfg = Debug|Any CPU
		{F8AB679E-AFE6-4742-AF21-2E8ED9851348}.Debug|Any CPU.Build.0 = Debug|Any CPU
		{F8AB679E-AFE6-4742-AF21-2E8ED9851348}.Release|Any CPU.ActiveCfg = Release|Any CPU
		{F8AB679E-AFE6-4742-AF21-2E8ED9851348}.Release|Any CPU.Build.0 = Release|Any CPU
	EndGlobalSection
	GlobalSection(SolutionProperties) = preSolution
		HideSolutionNode = FALSE
	EndGlobalSection
	GlobalSection(ExtensibilityGlobals) = postSolution
		SolutionGuid = {4EA021F9-3CED-422B-A570-DA37C5AF2D8E}
	EndGlobalSection
EndGlobal
