
Microsoft Visual Studio Solution File, Format Version 12.00
# Visual Studio Version 16
VisualStudioVersion = 16.0.29920.165
MinimumVisualStudioVersion = 10.0.40219.1
Project("{FAE04EC0-301F-11D3-BF4B-00C04F79EFBC}") = "App_M9_L4_6", "App_M9_L4_6\App_M9_L4_6.csproj", "{89E2670A-AE56-4724-A513-E6380D5CD069}"
EndProject
Global
	GlobalSection(SolutionConfigurationPlatforms) = preSolution
		Debug|Any CPU = Debug|Any CPU
		Release|Any CPU = Release|Any CPU
	EndGlobalSection
	GlobalSection(ProjectConfigurationPlatforms) = postSolution
		{89E2670A-AE56-4724-A513-E6380D5CD069}.Debug|Any CPU.ActiveCfg = Debug|Any CPU
		{89E2670A-AE56-4724-A513-E6380D5CD069}.Debug|Any CPU.Build.0 = Debug|Any CPU
		{89E2670A-AE56-4724-A513-E6380D5CD069}.Release|Any CPU.ActiveCfg = Release|Any CPU
		{89E2670A-AE56-4724-A513-E6380D5CD069}.Release|Any CPU.Build.0 = Release|Any CPU
	EndGlobalSection
	GlobalSection(SolutionProperties) = preSolution
		HideSolutionNode = FALSE
	EndGlobalSection
	GlobalSection(ExtensibilityGlobals) = postSolution
		SolutionGuid = {C8703FC9-AE5B-419C-A91F-44EFB9D08107}
	EndGlobalSection
EndGlobal
