
Microsoft Visual Studio Solution File, Format Version 12.00
# Visual Studio Version 16
VisualStudioVersion = 16.0.29920.165
MinimumVisualStudioVersion = 10.0.40219.1
Project("{FAE04EC0-301F-11D3-BF4B-00C04F79EFBC}") = "App_M11_L2_3", "App_M11_L2_3\App_M11_L2_3.csproj", "{0396E780-435B-4871-B689-99E8824F2046}"
EndProject
Global
	GlobalSection(SolutionConfigurationPlatforms) = preSolution
		Debug|Any CPU = Debug|Any CPU
		Release|Any CPU = Release|Any CPU
	EndGlobalSection
	GlobalSection(ProjectConfigurationPlatforms) = postSolution
		{0396E780-435B-4871-B689-99E8824F2046}.Debug|Any CPU.ActiveCfg = Debug|Any CPU
		{0396E780-435B-4871-B689-99E8824F2046}.Debug|Any CPU.Build.0 = Debug|Any CPU
		{0396E780-435B-4871-B689-99E8824F2046}.Release|Any CPU.ActiveCfg = Release|Any CPU
		{0396E780-435B-4871-B689-99E8824F2046}.Release|Any CPU.Build.0 = Release|Any CPU
	EndGlobalSection
	GlobalSection(SolutionProperties) = preSolution
		HideSolutionNode = FALSE
	EndGlobalSection
	GlobalSection(ExtensibilityGlobals) = postSolution
		SolutionGuid = {105EA241-98FF-40C9-A1E4-73A1B0E98E7B}
	EndGlobalSection
EndGlobal
