
Microsoft Visual Studio Solution File, Format Version 12.00
# Visual Studio Version 16
VisualStudioVersion = 16.0.29920.165
MinimumVisualStudioVersion = 10.0.40219.1
Project("{FAE04EC0-301F-11D3-BF4B-00C04F79EFBC}") = "App_M22_L3_2", "App_M22_L3_2\App_M22_L3_2.csproj", "{BDA4BECA-37D1-4C5B-86B1-53067BB9CE1F}"
EndProject
Global
	GlobalSection(SolutionConfigurationPlatforms) = preSolution
		Debug|Any CPU = Debug|Any CPU
		Release|Any CPU = Release|Any CPU
	EndGlobalSection
	GlobalSection(ProjectConfigurationPlatforms) = postSolution
		{BDA4BECA-37D1-4C5B-86B1-53067BB9CE1F}.Debug|Any CPU.ActiveCfg = Debug|Any CPU
		{BDA4BECA-37D1-4C5B-86B1-53067BB9CE1F}.Debug|Any CPU.Build.0 = Debug|Any CPU
		{BDA4BECA-37D1-4C5B-86B1-53067BB9CE1F}.Release|Any CPU.ActiveCfg = Release|Any CPU
		{BDA4BECA-37D1-4C5B-86B1-53067BB9CE1F}.Release|Any CPU.Build.0 = Release|Any CPU
	EndGlobalSection
	GlobalSection(SolutionProperties) = preSolution
		HideSolutionNode = FALSE
	EndGlobalSection
	GlobalSection(ExtensibilityGlobals) = postSolution
		SolutionGuid = {36058F56-9955-4AF1-887D-6864EA58768F}
	EndGlobalSection
EndGlobal
