
Microsoft Visual Studio Solution File, Format Version 12.00
# Visual Studio Version 16
VisualStudioVersion = 16.0.29920.165
MinimumVisualStudioVersion = 10.0.40219.1
Project("{FAE04EC0-301F-11D3-BF4B-00C04F79EFBC}") = "App_M3_L2_1", "App_M3_L2_1\App_M3_L2_1.csproj", "{ED49F9B0-1DA0-482E-9C87-ED767425D193}"
EndProject
Global
	GlobalSection(SolutionConfigurationPlatforms) = preSolution
		Debug|Any CPU = Debug|Any CPU
		Release|Any CPU = Release|Any CPU
	EndGlobalSection
	GlobalSection(ProjectConfigurationPlatforms) = postSolution
		{ED49F9B0-1DA0-482E-9C87-ED767425D193}.Debug|Any CPU.ActiveCfg = Debug|Any CPU
		{ED49F9B0-1DA0-482E-9C87-ED767425D193}.Debug|Any CPU.Build.0 = Debug|Any CPU
		{ED49F9B0-1DA0-482E-9C87-ED767425D193}.Release|Any CPU.ActiveCfg = Release|Any CPU
		{ED49F9B0-1DA0-482E-9C87-ED767425D193}.Release|Any CPU.Build.0 = Release|Any CPU
	EndGlobalSection
	GlobalSection(SolutionProperties) = preSolution
		HideSolutionNode = FALSE
	EndGlobalSection
	GlobalSection(ExtensibilityGlobals) = postSolution
		SolutionGuid = {812808C2-35B3-4F39-96B8-1E23D87B326F}
	EndGlobalSection
EndGlobal
