
Microsoft Visual Studio Solution File, Format Version 12.00
# Visual Studio Version 16
VisualStudioVersion = 16.0.29920.165
MinimumVisualStudioVersion = 10.0.40219.1
Project("{FAE04EC0-301F-11D3-BF4B-00C04F79EFBC}") = "App_M18_L3_1", "App_M18_L3_1\App_M18_L3_1.csproj", "{59CA80A3-2FD6-44FD-B980-283743852A8F}"
EndProject
Global
	GlobalSection(SolutionConfigurationPlatforms) = preSolution
		Debug|Any CPU = Debug|Any CPU
		Release|Any CPU = Release|Any CPU
	EndGlobalSection
	GlobalSection(ProjectConfigurationPlatforms) = postSolution
		{59CA80A3-2FD6-44FD-B980-283743852A8F}.Debug|Any CPU.ActiveCfg = Debug|Any CPU
		{59CA80A3-2FD6-44FD-B980-283743852A8F}.Debug|Any CPU.Build.0 = Debug|Any CPU
		{59CA80A3-2FD6-44FD-B980-283743852A8F}.Release|Any CPU.ActiveCfg = Release|Any CPU
		{59CA80A3-2FD6-44FD-B980-283743852A8F}.Release|Any CPU.Build.0 = Release|Any CPU
	EndGlobalSection
	GlobalSection(SolutionProperties) = preSolution
		HideSolutionNode = FALSE
	EndGlobalSection
	GlobalSection(ExtensibilityGlobals) = postSolution
		SolutionGuid = {77FAE048-299C-4753-9C40-A407485F3028}
	EndGlobalSection
EndGlobal
